
Microsoft Visual Studio Solution File, Format Version 12.00
# Visual Studio Version 16
VisualStudioVersion = 16.0.30717.126
MinimumVisualStudioVersion = 10.0.40219.1
Project("{2150E333-8FDC-42A3-9474-1A3956D46DE8}") = "01Main", "01Main", "{CC67BDEE-D136-41E3-A632-51EB3EE2C1A1}"
EndProject
Project("{FAE04EC0-301F-11D3-BF4B-00C04F79EFBC}") = "Heart", "01Main\Heart\Heart.csproj", "{4841B039-BF61-40E3-9F0C-1E0679F8B741}"
EndProject
Project("{2150E333-8FDC-42A3-9474-1A3956D46DE8}") = "02Plugin", "02Plugin", "{C3705E63-9965-494F-905E-A4EF114C74F7}"
EndProject
Project("{2150E333-8FDC-42A3-9474-1A3956D46DE8}") = "00.Plugin.Image", "00.Plugin.Image", "{96C4FE7B-CB60-46CD-9F9D-B493DB06A37C}"
EndProject
Project("{2150E333-8FDC-42A3-9474-1A3956D46DE8}") = "02.Plugin.Logic", "02.Plugin.Logic", "{20741018-2524-4275-BC70-40AD23FFD6D0}"
EndProject
Project("{2150E333-8FDC-42A3-9474-1A3956D46DE8}") = "03.Plugin.Variable", "03.Plugin.Variable", "{7A162698-FEE2-4840-813C-02CEE264B607}"
EndProject
Project("{FAE04EC0-301F-11D3-BF4B-00C04F79EFBC}") = "Plugin.ImageAcquire", "02Plugin\00.Plugin.Image\Plugin.ImageAcquire\Plugin.ImageAcquire.csproj", "{E2D439C2-7881-4088-BC5E-421F0F38DC0F}"
EndProject
Project("{FAE04EC0-301F-11D3-BF4B-00C04F79EFBC}") = "Plugin.ImageScript", "02Plugin\00.Plugin.Image\Plugin.ImageScript\Plugin.ImageScript.csproj", "{9CCE8C53-68D8-4571-9C38-7759552057F3}"
EndProject
Project("{2150E333-8FDC-42A3-9474-1A3956D46DE8}") = "03Library", "03Library", "{64423BE7-3465-4355-B8E1-95E2F3936589}"
EndProject
Project("{2150E333-8FDC-42A3-9474-1A3956D46DE8}") = "ICSharp", "ICSharp", "{65538713-8B48-4349-9DFD-523529FD2C67}"
EndProject
Project("{FAE04EC0-301F-11D3-BF4B-00C04F79EFBC}") = "MyOS", "01Main\MyOS\MyOS.csproj", "{FA033245-D8EA-4893-A729-A08837F0A603}"
	ProjectSection(ProjectDependencies) = postProject
		{9CB43E2E-7503-48E1-8708-CDBDBDC2F6F3} = {9CB43E2E-7503-48E1-8708-CDBDBDC2F6F3}
	EndProjectSection
EndProject
Project("{FAE04EC0-301F-11D3-BF4B-00C04F79EFBC}") = "ICSharpCode.AvalonEdit", "03Library\ICSharp\ICSharpCode.AvalonEdit\ICSharpCode.AvalonEdit.csproj", "{6C55B776-26D4-4DB3-A6AB-87E783B2F3D1}"
	ProjectSection(ProjectDependencies) = postProject
		{DB81988F-E0F2-45A0-A1FD-8C37F3D35244} = {DB81988F-E0F2-45A0-A1FD-8C37F3D35244}
		{89286EB4-B4A1-418C-839A-067B00F442D8} = {89286EB4-B4A1-418C-839A-067B00F442D8}
		{72E591D6-8F83-4D8C-8F67-9C325E623234} = {72E591D6-8F83-4D8C-8F67-9C325E623234}
	EndProjectSection
EndProject
Project("{FAE04EC0-301F-11D3-BF4B-00C04F79EFBC}") = "ICSharpCode.CodeCompletion", "03Library\ICSharp\ICSharpCode.CodeCompletion\ICSharpCode.CodeCompletion.csproj", "{82C28FBB-0408-466A-BE20-BD4A3CE76A75}"
	ProjectSection(ProjectDependencies) = postProject
		{6C55B776-26D4-4DB3-A6AB-87E783B2F3D1} = {6C55B776-26D4-4DB3-A6AB-87E783B2F3D1}
		{DB81988F-E0F2-45A0-A1FD-8C37F3D35244} = {DB81988F-E0F2-45A0-A1FD-8C37F3D35244}
		{89286EB4-B4A1-418C-839A-067B00F442D8} = {89286EB4-B4A1-418C-839A-067B00F442D8}
		{72E591D6-8F83-4D8C-8F67-9C325E623234} = {72E591D6-8F83-4D8C-8F67-9C325E623234}
	EndProjectSection
EndProject
Project("{FAE04EC0-301F-11D3-BF4B-00C04F79EFBC}") = "Plugin.ImageGray", "02Plugin\00.Plugin.Image\Plugin.ImageGray\Plugin.ImageGray.csproj", "{E04325CB-E9B1-4A02-8765-0699BDB0BF7A}"
EndProject
Project("{FAE04EC0-301F-11D3-BF4B-00C04F79EFBC}") = "Plugin.ImageBinary", "02Plugin\00.Plugin.Image\Plugin.ImageBinary\Plugin.ImageBinary.csproj", "{F501BE04-2E44-4A7D-83F3-3182427A3F17}"
EndProject
Project("{2150E333-8FDC-42A3-9474-1A3956D46DE8}") = "Xceed", "Xceed", "{DB6C7DED-07AB-4105-8AE0-20DA2FCA990D}"
EndProject
Project("{FAE04EC0-301F-11D3-BF4B-00C04F79EFBC}") = "Xceed.Wpf.AvalonDock", "03Library\Xceed\Xceed.Wpf.AvalonDock\Xceed.Wpf.AvalonDock.csproj", "{DB81988F-E0F2-45A0-A1FD-8C37F3D35244}"
EndProject
Project("{FAE04EC0-301F-11D3-BF4B-00C04F79EFBC}") = "Xceed.Wpf.AvalonDock.Themes.Metro", "03Library\Xceed\Xceed.Wpf.AvalonDock.Themes.Metro\Xceed.Wpf.AvalonDock.Themes.Metro.csproj", "{89286EB4-B4A1-418C-839A-067B00F442D8}"
	ProjectSection(ProjectDependencies) = postProject
		{72E591D6-8F83-4D8C-8F67-9C325E623234} = {72E591D6-8F83-4D8C-8F67-9C325E623234}
	EndProjectSection
EndProject
Project("{FAE04EC0-301F-11D3-BF4B-00C04F79EFBC}") = "Xceed.Wpf.Toolkit", "03Library\Xceed\Xceed.Wpf.Toolkit\Xceed.Wpf.Toolkit.csproj", "{72E591D6-8F83-4D8C-8F67-9C325E623234}"
EndProject
Project("{2150E333-8FDC-42A3-9474-1A3956D46DE8}") = "01.Plugin.Detect", "01.Plugin.Detect", "{D33316BD-4EDC-4086-917E-556639AA8EBA}"
EndProject
Project("{FAE04EC0-301F-11D3-BF4B-00C04F79EFBC}") = "Plugin.ImageGraytesting", "02Plugin\01.Plugin.Detect\Plugin.ImageGraytesting\Plugin.ImageGraytesting.csproj", "{F2EFFE9A-E087-4A76-8037-645525C8FCDD}"
EndProject
Project("{FAE04EC0-301F-11D3-BF4B-00C04F79EFBC}") = "Plugin.TemplateMatching", "02Plugin\01.Plugin.Detect\Plugin.TemplateMatching\Plugin.TemplateMatching.csproj", "{1763653A-1039-4D03-90F3-70BC1BD97156}"
EndProject
Project("{FAE04EC0-301F-11D3-BF4B-00C04F79EFBC}") = "Plugin.LogicBreakCirculation", "02Plugin\02.Plugin.Logic\Plugin.LogicBreakCirculation\Plugin.LogicBreakCirculation.csproj", "{8B7E2004-21F2-4538-AD8C-95992C93C266}"
EndProject
Project("{FAE04EC0-301F-11D3-BF4B-00C04F79EFBC}") = "Plugin.LogicCirculation", "02Plugin\02.Plugin.Logic\Plugin.LogicCirculation\Plugin.LogicCirculation.csproj", "{867AF324-B957-447E-8D15-0A46CED1F22A}"
EndProject
Project("{FAE04EC0-301F-11D3-BF4B-00C04F79EFBC}") = "Plugin.LogicCondition", "02Plugin\02.Plugin.Logic\Plugin.LogicCondition\Plugin.LogicCondition.csproj", "{B727A4C5-0880-4039-9DBE-A4DB8E53ABE6}"
EndProject
Project("{FAE04EC0-301F-11D3-BF4B-00C04F79EFBC}") = "Plugin.VariableDefine", "02Plugin\03.Plugin.Variable\Plugin.VariableDefine\Plugin.VariableDefine.csproj", "{BF085CB8-30C7-491B-B369-481C3107EE3B}"
EndProject
Project("{2150E333-8FDC-42A3-9474-1A3956D46DE8}") = "04.Plugin.FileCommunication", "04.Plugin.FileCommunication", "{F54D1095-7417-4B0F-BCFF-AD850B79EA68}"
EndProject
Project("{FAE04EC0-301F-11D3-BF4B-00C04F79EFBC}") = "Plugin.SendTxt", "02Plugin\04.Plugin.FileCommunication\Plugin.SendTxt\Plugin.SendTxt.csproj", "{0EE830E4-9FED-4376-BF4E-0209A8AA4374}"
EndProject
Project("{FAE04EC0-301F-11D3-BF4B-00C04F79EFBC}") = "Plugin.ReceiveTxt", "02Plugin\04.Plugin.FileCommunication\Plugin.ReceiveTxt\Plugin.ReceiveTxt.csproj", "{0421D847-2278-4D25-B21E-8FC2B5A62CD5}"
EndProject
Project("{FAE04EC0-301F-11D3-BF4B-00C04F79EFBC}") = "AcqDevice", "01Main\AcqDevice\AcqDevice.csproj", "{9CB43E2E-7503-48E1-8708-CDBDBDC2F6F3}"
EndProject
Project("{2150E333-8FDC-42A3-9474-1A3956D46DE8}") = "05.Plugin.AIDI", "05.Plugin.AIDI", "{4847C818-1333-46FF-B910-26BB91286833}"
EndProject
Project("{FAE04EC0-301F-11D3-BF4B-00C04F79EFBC}") = "Plugin.AnomalyDetection", "02Plugin\05.Plugin.AnomalyDetection\Plugin.AnomalyDetection.csproj", "{1D538AB8-1EB1-4446-8782-92C08A6CD5D7}"
EndProject
Global
	GlobalSection(SolutionConfigurationPlatforms) = preSolution
		Debug|Any CPU = Debug|Any CPU
		Debug|x64 = Debug|x64
		Release|Any CPU = Release|Any CPU
		Release|x64 = Release|x64
	EndGlobalSection
	GlobalSection(ProjectConfigurationPlatforms) = postSolution
		{4841B039-BF61-40E3-9F0C-1E0679F8B741}.Debug|Any CPU.ActiveCfg = Debug|Any CPU
		{4841B039-BF61-40E3-9F0C-1E0679F8B741}.Debug|Any CPU.Build.0 = Debug|Any CPU
		{4841B039-BF61-40E3-9F0C-1E0679F8B741}.Debug|x64.ActiveCfg = Debug|x64
		{4841B039-BF61-40E3-9F0C-1E0679F8B741}.Debug|x64.Build.0 = Debug|x64
		{4841B039-BF61-40E3-9F0C-1E0679F8B741}.Release|Any CPU.ActiveCfg = Release|Any CPU
		{4841B039-BF61-40E3-9F0C-1E0679F8B741}.Release|Any CPU.Build.0 = Release|Any CPU
		{4841B039-BF61-40E3-9F0C-1E0679F8B741}.Release|x64.ActiveCfg = Release|x64
		{4841B039-BF61-40E3-9F0C-1E0679F8B741}.Release|x64.Build.0 = Release|x64
		{E2D439C2-7881-4088-BC5E-421F0F38DC0F}.Debug|Any CPU.ActiveCfg = Debug|Any CPU
		{E2D439C2-7881-4088-BC5E-421F0F38DC0F}.Debug|Any CPU.Build.0 = Debug|Any CPU
		{E2D439C2-7881-4088-BC5E-421F0F38DC0F}.Debug|x64.ActiveCfg = Debug|x64
		{E2D439C2-7881-4088-BC5E-421F0F38DC0F}.Debug|x64.Build.0 = Debug|x64
		{E2D439C2-7881-4088-BC5E-421F0F38DC0F}.Release|Any CPU.ActiveCfg = Release|Any CPU
		{E2D439C2-7881-4088-BC5E-421F0F38DC0F}.Release|Any CPU.Build.0 = Release|Any CPU
		{E2D439C2-7881-4088-BC5E-421F0F38DC0F}.Release|x64.ActiveCfg = Release|x64
		{E2D439C2-7881-4088-BC5E-421F0F38DC0F}.Release|x64.Build.0 = Release|x64
		{9CCE8C53-68D8-4571-9C38-7759552057F3}.Debug|Any CPU.ActiveCfg = Debug|Any CPU
		{9CCE8C53-68D8-4571-9C38-7759552057F3}.Debug|Any CPU.Build.0 = Debug|Any CPU
		{9CCE8C53-68D8-4571-9C38-7759552057F3}.Debug|x64.ActiveCfg = Debug|x64
		{9CCE8C53-68D8-4571-9C38-7759552057F3}.Debug|x64.Build.0 = Debug|x64
		{9CCE8C53-68D8-4571-9C38-7759552057F3}.Release|Any CPU.ActiveCfg = Release|Any CPU
		{9CCE8C53-68D8-4571-9C38-7759552057F3}.Release|Any CPU.Build.0 = Release|Any CPU
		{9CCE8C53-68D8-4571-9C38-7759552057F3}.Release|x64.ActiveCfg = Release|x64
		{9CCE8C53-68D8-4571-9C38-7759552057F3}.Release|x64.Build.0 = Release|x64
		{FA033245-D8EA-4893-A729-A08837F0A603}.Debug|Any CPU.ActiveCfg = Debug|Any CPU
		{FA033245-D8EA-4893-A729-A08837F0A603}.Debug|Any CPU.Build.0 = Debug|Any CPU
		{FA033245-D8EA-4893-A729-A08837F0A603}.Debug|x64.ActiveCfg = Debug|x64
		{FA033245-D8EA-4893-A729-A08837F0A603}.Debug|x64.Build.0 = Debug|x64
		{FA033245-D8EA-4893-A729-A08837F0A603}.Release|Any CPU.ActiveCfg = Release|Any CPU
		{FA033245-D8EA-4893-A729-A08837F0A603}.Release|Any CPU.Build.0 = Release|Any CPU
		{FA033245-D8EA-4893-A729-A08837F0A603}.Release|x64.ActiveCfg = Release|x64
		{FA033245-D8EA-4893-A729-A08837F0A603}.Release|x64.Build.0 = Release|x64
		{6C55B776-26D4-4DB3-A6AB-87E783B2F3D1}.Debug|Any CPU.ActiveCfg = Debug|Any CPU
		{6C55B776-26D4-4DB3-A6AB-87E783B2F3D1}.Debug|Any CPU.Build.0 = Debug|Any CPU
		{6C55B776-26D4-4DB3-A6AB-87E783B2F3D1}.Debug|x64.ActiveCfg = Debug|x64
		{6C55B776-26D4-4DB3-A6AB-87E783B2F3D1}.Debug|x64.Build.0 = Debug|x64
		{6C55B776-26D4-4DB3-A6AB-87E783B2F3D1}.Release|Any CPU.ActiveCfg = Release|Any CPU
		{6C55B776-26D4-4DB3-A6AB-87E783B2F3D1}.Release|Any CPU.Build.0 = Release|Any CPU
		{6C55B776-26D4-4DB3-A6AB-87E783B2F3D1}.Release|x64.ActiveCfg = Release|x64
		{6C55B776-26D4-4DB3-A6AB-87E783B2F3D1}.Release|x64.Build.0 = Release|x64
		{82C28FBB-0408-466A-BE20-BD4A3CE76A75}.Debug|Any CPU.ActiveCfg = Debug|Any CPU
		{82C28FBB-0408-466A-BE20-BD4A3CE76A75}.Debug|Any CPU.Build.0 = Debug|Any CPU
		{82C28FBB-0408-466A-BE20-BD4A3CE76A75}.Debug|x64.ActiveCfg = Debug|x64
		{82C28FBB-0408-466A-BE20-BD4A3CE76A75}.Debug|x64.Build.0 = Debug|x64
		{82C28FBB-0408-466A-BE20-BD4A3CE76A75}.Release|Any CPU.ActiveCfg = Release|Any CPU
		{82C28FBB-0408-466A-BE20-BD4A3CE76A75}.Release|Any CPU.Build.0 = Release|Any CPU
		{82C28FBB-0408-466A-BE20-BD4A3CE76A75}.Release|x64.ActiveCfg = Release|x64
		{82C28FBB-0408-466A-BE20-BD4A3CE76A75}.Release|x64.Build.0 = Release|x64
		{E04325CB-E9B1-4A02-8765-0699BDB0BF7A}.Debug|Any CPU.ActiveCfg = Debug|Any CPU
		{E04325CB-E9B1-4A02-8765-0699BDB0BF7A}.Debug|Any CPU.Build.0 = Debug|Any CPU
		{E04325CB-E9B1-4A02-8765-0699BDB0BF7A}.Debug|x64.ActiveCfg = Debug|x64
		{E04325CB-E9B1-4A02-8765-0699BDB0BF7A}.Debug|x64.Build.0 = Debug|x64
		{E04325CB-E9B1-4A02-8765-0699BDB0BF7A}.Release|Any CPU.ActiveCfg = Release|Any CPU
		{E04325CB-E9B1-4A02-8765-0699BDB0BF7A}.Release|Any CPU.Build.0 = Release|Any CPU
		{E04325CB-E9B1-4A02-8765-0699BDB0BF7A}.Release|x64.ActiveCfg = Release|x64
		{E04325CB-E9B1-4A02-8765-0699BDB0BF7A}.Release|x64.Build.0 = Release|x64
		{F501BE04-2E44-4A7D-83F3-3182427A3F17}.Debug|Any CPU.ActiveCfg = Debug|Any CPU
		{F501BE04-2E44-4A7D-83F3-3182427A3F17}.Debug|Any CPU.Build.0 = Debug|Any CPU
		{F501BE04-2E44-4A7D-83F3-3182427A3F17}.Debug|x64.ActiveCfg = Debug|x64
		{F501BE04-2E44-4A7D-83F3-3182427A3F17}.Debug|x64.Build.0 = Debug|x64
		{F501BE04-2E44-4A7D-83F3-3182427A3F17}.Release|Any CPU.ActiveCfg = Release|Any CPU
		{F501BE04-2E44-4A7D-83F3-3182427A3F17}.Release|Any CPU.Build.0 = Release|Any CPU
		{F501BE04-2E44-4A7D-83F3-3182427A3F17}.Release|x64.ActiveCfg = Release|x64
		{F501BE04-2E44-4A7D-83F3-3182427A3F17}.Release|x64.Build.0 = Release|x64
		{DB81988F-E0F2-45A0-A1FD-8C37F3D35244}.Debug|Any CPU.ActiveCfg = Debug|Any CPU
		{DB81988F-E0F2-45A0-A1FD-8C37F3D35244}.Debug|Any CPU.Build.0 = Debug|Any CPU
		{DB81988F-E0F2-45A0-A1FD-8C37F3D35244}.Debug|x64.ActiveCfg = Debug|x64
		{DB81988F-E0F2-45A0-A1FD-8C37F3D35244}.Debug|x64.Build.0 = Debug|x64
		{DB81988F-E0F2-45A0-A1FD-8C37F3D35244}.Release|Any CPU.ActiveCfg = Release|Any CPU
		{DB81988F-E0F2-45A0-A1FD-8C37F3D35244}.Release|Any CPU.Build.0 = Release|Any CPU
		{DB81988F-E0F2-45A0-A1FD-8C37F3D35244}.Release|x64.ActiveCfg = Release|x64
		{DB81988F-E0F2-45A0-A1FD-8C37F3D35244}.Release|x64.Build.0 = Release|x64
		{89286EB4-B4A1-418C-839A-067B00F442D8}.Debug|Any CPU.ActiveCfg = Debug|Any CPU
		{89286EB4-B4A1-418C-839A-067B00F442D8}.Debug|Any CPU.Build.0 = Debug|Any CPU
		{89286EB4-B4A1-418C-839A-067B00F442D8}.Debug|x64.ActiveCfg = Debug|x64
		{89286EB4-B4A1-418C-839A-067B00F442D8}.Debug|x64.Build.0 = Debug|x64
		{89286EB4-B4A1-418C-839A-067B00F442D8}.Release|Any CPU.ActiveCfg = Release|Any CPU
		{89286EB4-B4A1-418C-839A-067B00F442D8}.Release|Any CPU.Build.0 = Release|Any CPU
		{89286EB4-B4A1-418C-839A-067B00F442D8}.Release|x64.ActiveCfg = Release|x64
		{89286EB4-B4A1-418C-839A-067B00F442D8}.Release|x64.Build.0 = Release|x64
		{72E591D6-8F83-4D8C-8F67-9C325E623234}.Debug|Any CPU.ActiveCfg = Debug|Any CPU
		{72E591D6-8F83-4D8C-8F67-9C325E623234}.Debug|Any CPU.Build.0 = Debug|Any CPU
		{72E591D6-8F83-4D8C-8F67-9C325E623234}.Debug|x64.ActiveCfg = Debug|x64
		{72E591D6-8F83-4D8C-8F67-9C325E623234}.Debug|x64.Build.0 = Debug|x64
		{72E591D6-8F83-4D8C-8F67-9C325E623234}.Release|Any CPU.ActiveCfg = Release|Any CPU
		{72E591D6-8F83-4D8C-8F67-9C325E623234}.Release|Any CPU.Build.0 = Release|Any CPU
		{72E591D6-8F83-4D8C-8F67-9C325E623234}.Release|x64.ActiveCfg = Release|x64
		{72E591D6-8F83-4D8C-8F67-9C325E623234}.Release|x64.Build.0 = Release|x64
		{F2EFFE9A-E087-4A76-8037-645525C8FCDD}.Debug|Any CPU.ActiveCfg = Debug|Any CPU
		{F2EFFE9A-E087-4A76-8037-645525C8FCDD}.Debug|Any CPU.Build.0 = Debug|Any CPU
		{F2EFFE9A-E087-4A76-8037-645525C8FCDD}.Debug|x64.ActiveCfg = Debug|x64
		{F2EFFE9A-E087-4A76-8037-645525C8FCDD}.Debug|x64.Build.0 = Debug|x64
		{F2EFFE9A-E087-4A76-8037-645525C8FCDD}.Release|Any CPU.ActiveCfg = Release|Any CPU
		{F2EFFE9A-E087-4A76-8037-645525C8FCDD}.Release|Any CPU.Build.0 = Release|Any CPU
		{F2EFFE9A-E087-4A76-8037-645525C8FCDD}.Release|x64.ActiveCfg = Release|x64
		{F2EFFE9A-E087-4A76-8037-645525C8FCDD}.Release|x64.Build.0 = Release|x64
		{1763653A-1039-4D03-90F3-70BC1BD97156}.Debug|Any CPU.ActiveCfg = Debug|Any CPU
		{1763653A-1039-4D03-90F3-70BC1BD97156}.Debug|Any CPU.Build.0 = Debug|Any CPU
		{1763653A-1039-4D03-90F3-70BC1BD97156}.Debug|x64.ActiveCfg = Debug|x64
		{1763653A-1039-4D03-90F3-70BC1BD97156}.Debug|x64.Build.0 = Debug|x64
		{1763653A-1039-4D03-90F3-70BC1BD97156}.Release|Any CPU.ActiveCfg = Release|Any CPU
		{1763653A-1039-4D03-90F3-70BC1BD97156}.Release|Any CPU.Build.0 = Release|Any CPU
		{1763653A-1039-4D03-90F3-70BC1BD97156}.Release|x64.ActiveCfg = Release|x64
		{1763653A-1039-4D03-90F3-70BC1BD97156}.Release|x64.Build.0 = Release|x64
		{8B7E2004-21F2-4538-AD8C-95992C93C266}.Debug|Any CPU.ActiveCfg = Debug|Any CPU
		{8B7E2004-21F2-4538-AD8C-95992C93C266}.Debug|Any CPU.Build.0 = Debug|Any CPU
		{8B7E2004-21F2-4538-AD8C-95992C93C266}.Debug|x64.ActiveCfg = Debug|x64
		{8B7E2004-21F2-4538-AD8C-95992C93C266}.Debug|x64.Build.0 = Debug|x64
		{8B7E2004-21F2-4538-AD8C-95992C93C266}.Release|Any CPU.ActiveCfg = Release|Any CPU
		{8B7E2004-21F2-4538-AD8C-95992C93C266}.Release|Any CPU.Build.0 = Release|Any CPU
		{8B7E2004-21F2-4538-AD8C-95992C93C266}.Release|x64.ActiveCfg = Release|x64
		{8B7E2004-21F2-4538-AD8C-95992C93C266}.Release|x64.Build.0 = Release|x64
		{867AF324-B957-447E-8D15-0A46CED1F22A}.Debug|Any CPU.ActiveCfg = Debug|Any CPU
		{867AF324-B957-447E-8D15-0A46CED1F22A}.Debug|Any CPU.Build.0 = Debug|Any CPU
		{867AF324-B957-447E-8D15-0A46CED1F22A}.Debug|x64.ActiveCfg = Debug|x64
		{867AF324-B957-447E-8D15-0A46CED1F22A}.Debug|x64.Build.0 = Debug|x64
		{867AF324-B957-447E-8D15-0A46CED1F22A}.Release|Any CPU.ActiveCfg = Release|Any CPU
		{867AF324-B957-447E-8D15-0A46CED1F22A}.Release|Any CPU.Build.0 = Release|Any CPU
		{867AF324-B957-447E-8D15-0A46CED1F22A}.Release|x64.ActiveCfg = Release|x64
		{867AF324-B957-447E-8D15-0A46CED1F22A}.Release|x64.Build.0 = Release|x64
		{B727A4C5-0880-4039-9DBE-A4DB8E53ABE6}.Debug|Any CPU.ActiveCfg = Debug|Any CPU
		{B727A4C5-0880-4039-9DBE-A4DB8E53ABE6}.Debug|Any CPU.Build.0 = Debug|Any CPU
		{B727A4C5-0880-4039-9DBE-A4DB8E53ABE6}.Debug|x64.ActiveCfg = Debug|x64
		{B727A4C5-0880-4039-9DBE-A4DB8E53ABE6}.Debug|x64.Build.0 = Debug|x64
		{B727A4C5-0880-4039-9DBE-A4DB8E53ABE6}.Release|Any CPU.ActiveCfg = Release|Any CPU
		{B727A4C5-0880-4039-9DBE-A4DB8E53ABE6}.Release|Any CPU.Build.0 = Release|Any CPU
		{B727A4C5-0880-4039-9DBE-A4DB8E53ABE6}.Release|x64.ActiveCfg = Release|x64
		{B727A4C5-0880-4039-9DBE-A4DB8E53ABE6}.Release|x64.Build.0 = Release|x64
		{BF085CB8-30C7-491B-B369-481C3107EE3B}.Debug|Any CPU.ActiveCfg = Debug|Any CPU
		{BF085CB8-30C7-491B-B369-481C3107EE3B}.Debug|Any CPU.Build.0 = Debug|Any CPU
		{BF085CB8-30C7-491B-B369-481C3107EE3B}.Debug|x64.ActiveCfg = Debug|x64
		{BF085CB8-30C7-491B-B369-481C3107EE3B}.Debug|x64.Build.0 = Debug|x64
		{BF085CB8-30C7-491B-B369-481C3107EE3B}.Release|Any CPU.ActiveCfg = Release|Any CPU
		{BF085CB8-30C7-491B-B369-481C3107EE3B}.Release|Any CPU.Build.0 = Release|Any CPU
		{BF085CB8-30C7-491B-B369-481C3107EE3B}.Release|x64.ActiveCfg = Release|x64
		{BF085CB8-30C7-491B-B369-481C3107EE3B}.Release|x64.Build.0 = Release|x64
		{0EE830E4-9FED-4376-BF4E-0209A8AA4374}.Debug|Any CPU.ActiveCfg = Debug|Any CPU
		{0EE830E4-9FED-4376-BF4E-0209A8AA4374}.Debug|Any CPU.Build.0 = Debug|Any CPU
		{0EE830E4-9FED-4376-BF4E-0209A8AA4374}.Debug|x64.ActiveCfg = Debug|x64
		{0EE830E4-9FED-4376-BF4E-0209A8AA4374}.Debug|x64.Build.0 = Debug|x64
		{0EE830E4-9FED-4376-BF4E-0209A8AA4374}.Release|Any CPU.ActiveCfg = Release|Any CPU
		{0EE830E4-9FED-4376-BF4E-0209A8AA4374}.Release|Any CPU.Build.0 = Release|Any CPU
		{0EE830E4-9FED-4376-BF4E-0209A8AA4374}.Release|x64.ActiveCfg = Release|x64
		{0EE830E4-9FED-4376-BF4E-0209A8AA4374}.Release|x64.Build.0 = Release|x64
		{0421D847-2278-4D25-B21E-8FC2B5A62CD5}.Debug|Any CPU.ActiveCfg = Debug|Any CPU
		{0421D847-2278-4D25-B21E-8FC2B5A62CD5}.Debug|Any CPU.Build.0 = Debug|Any CPU
		{0421D847-2278-4D25-B21E-8FC2B5A62CD5}.Debug|x64.ActiveCfg = Debug|x64
		{0421D847-2278-4D25-B21E-8FC2B5A62CD5}.Debug|x64.Build.0 = Debug|x64
		{0421D847-2278-4D25-B21E-8FC2B5A62CD5}.Release|Any CPU.ActiveCfg = Release|Any CPU
		{0421D847-2278-4D25-B21E-8FC2B5A62CD5}.Release|Any CPU.Build.0 = Release|Any CPU
		{0421D847-2278-4D25-B21E-8FC2B5A62CD5}.Release|x64.ActiveCfg = Release|x64
		{0421D847-2278-4D25-B21E-8FC2B5A62CD5}.Release|x64.Build.0 = Release|x64
		{9CB43E2E-7503-48E1-8708-CDBDBDC2F6F3}.Debug|Any CPU.ActiveCfg = Debug|Any CPU
		{9CB43E2E-7503-48E1-8708-CDBDBDC2F6F3}.Debug|Any CPU.Build.0 = Debug|Any CPU
		{9CB43E2E-7503-48E1-8708-CDBDBDC2F6F3}.Debug|x64.ActiveCfg = Debug|x64
		{9CB43E2E-7503-48E1-8708-CDBDBDC2F6F3}.Debug|x64.Build.0 = Debug|x64
		{9CB43E2E-7503-48E1-8708-CDBDBDC2F6F3}.Release|Any CPU.ActiveCfg = Release|Any CPU
		{9CB43E2E-7503-48E1-8708-CDBDBDC2F6F3}.Release|Any CPU.Build.0 = Release|Any CPU
		{9CB43E2E-7503-48E1-8708-CDBDBDC2F6F3}.Release|x64.ActiveCfg = Release|x64
		{9CB43E2E-7503-48E1-8708-CDBDBDC2F6F3}.Release|x64.Build.0 = Release|x64
		{1D538AB8-1EB1-4446-8782-92C08A6CD5D7}.Debug|Any CPU.ActiveCfg = Debug|Any CPU
		{1D538AB8-1EB1-4446-8782-92C08A6CD5D7}.Debug|Any CPU.Build.0 = Debug|Any CPU
		{1D538AB8-1EB1-4446-8782-92C08A6CD5D7}.Debug|x64.ActiveCfg = Debug|Any CPU
		{1D538AB8-1EB1-4446-8782-92C08A6CD5D7}.Debug|x64.Build.0 = Debug|Any CPU
		{1D538AB8-1EB1-4446-8782-92C08A6CD5D7}.Release|Any CPU.ActiveCfg = Release|Any CPU
		{1D538AB8-1EB1-4446-8782-92C08A6CD5D7}.Release|Any CPU.Build.0 = Release|Any CPU
		{1D538AB8-1EB1-4446-8782-92C08A6CD5D7}.Release|x64.ActiveCfg = Release|Any CPU
		{1D538AB8-1EB1-4446-8782-92C08A6CD5D7}.Release|x64.Build.0 = Release|Any CPU
	EndGlobalSection
	GlobalSection(SolutionProperties) = preSolution
		HideSolutionNode = FALSE
	EndGlobalSection
	GlobalSection(NestedProjects) = preSolution
		{4841B039-BF61-40E3-9F0C-1E0679F8B741} = {CC67BDEE-D136-41E3-A632-51EB3EE2C1A1}
		{96C4FE7B-CB60-46CD-9F9D-B493DB06A37C} = {C3705E63-9965-494F-905E-A4EF114C74F7}
		{20741018-2524-4275-BC70-40AD23FFD6D0} = {C3705E63-9965-494F-905E-A4EF114C74F7}
		{7A162698-FEE2-4840-813C-02CEE264B607} = {C3705E63-9965-494F-905E-A4EF114C74F7}
		{E2D439C2-7881-4088-BC5E-421F0F38DC0F} = {96C4FE7B-CB60-46CD-9F9D-B493DB06A37C}
		{9CCE8C53-68D8-4571-9C38-7759552057F3} = {96C4FE7B-CB60-46CD-9F9D-B493DB06A37C}
		{65538713-8B48-4349-9DFD-523529FD2C67} = {64423BE7-3465-4355-B8E1-95E2F3936589}
		{FA033245-D8EA-4893-A729-A08837F0A603} = {CC67BDEE-D136-41E3-A632-51EB3EE2C1A1}
		{6C55B776-26D4-4DB3-A6AB-87E783B2F3D1} = {65538713-8B48-4349-9DFD-523529FD2C67}
		{82C28FBB-0408-466A-BE20-BD4A3CE76A75} = {65538713-8B48-4349-9DFD-523529FD2C67}
		{E04325CB-E9B1-4A02-8765-0699BDB0BF7A} = {96C4FE7B-CB60-46CD-9F9D-B493DB06A37C}
		{F501BE04-2E44-4A7D-83F3-3182427A3F17} = {96C4FE7B-CB60-46CD-9F9D-B493DB06A37C}
		{DB6C7DED-07AB-4105-8AE0-20DA2FCA990D} = {64423BE7-3465-4355-B8E1-95E2F3936589}
		{DB81988F-E0F2-45A0-A1FD-8C37F3D35244} = {DB6C7DED-07AB-4105-8AE0-20DA2FCA990D}
		{89286EB4-B4A1-418C-839A-067B00F442D8} = {DB6C7DED-07AB-4105-8AE0-20DA2FCA990D}
		{72E591D6-8F83-4D8C-8F67-9C325E623234} = {DB6C7DED-07AB-4105-8AE0-20DA2FCA990D}
		{D33316BD-4EDC-4086-917E-556639AA8EBA} = {C3705E63-9965-494F-905E-A4EF114C74F7}
		{F2EFFE9A-E087-4A76-8037-645525C8FCDD} = {D33316BD-4EDC-4086-917E-556639AA8EBA}
		{1763653A-1039-4D03-90F3-70BC1BD97156} = {D33316BD-4EDC-4086-917E-556639AA8EBA}
		{8B7E2004-21F2-4538-AD8C-95992C93C266} = {20741018-2524-4275-BC70-40AD23FFD6D0}
		{867AF324-B957-447E-8D15-0A46CED1F22A} = {20741018-2524-4275-BC70-40AD23FFD6D0}
		{B727A4C5-0880-4039-9DBE-A4DB8E53ABE6} = {20741018-2524-4275-BC70-40AD23FFD6D0}
		{BF085CB8-30C7-491B-B369-481C3107EE3B} = {7A162698-FEE2-4840-813C-02CEE264B607}
		{F54D1095-7417-4B0F-BCFF-AD850B79EA68} = {C3705E63-9965-494F-905E-A4EF114C74F7}
		{0EE830E4-9FED-4376-BF4E-0209A8AA4374} = {F54D1095-7417-4B0F-BCFF-AD850B79EA68}
		{0421D847-2278-4D25-B21E-8FC2B5A62CD5} = {F54D1095-7417-4B0F-BCFF-AD850B79EA68}
		{9CB43E2E-7503-48E1-8708-CDBDBDC2F6F3} = {CC67BDEE-D136-41E3-A632-51EB3EE2C1A1}
		{4847C818-1333-46FF-B910-26BB91286833} = {C3705E63-9965-494F-905E-A4EF114C74F7}
		{1D538AB8-1EB1-4446-8782-92C08A6CD5D7} = {4847C818-1333-46FF-B910-26BB91286833}
	EndGlobalSection
	GlobalSection(ExtensibilityGlobals) = postSolution
		SolutionGuid = {25E0C7D1-BBB8-4BAC-92FF-B622442B1F12}
	EndGlobalSection
EndGlobal
